
Microsoft Visual Studio Solution File, Format Version 12.00
# Visual Studio Version 16
VisualStudioVersion = 16.0.30907.101
MinimumVisualStudioVersion = 10.0.40219.1
Project("{FAE04EC0-301F-11D3-BF4B-00C04F79EFBC}") = "RoundTheCode.FromBody", "RoundTheCode.FromBody\RoundTheCode.FromBody.csproj", "{4B7BFC33-6EF4-47AE-A5CC-45C55A5049E4}"
EndProject
Global
	GlobalSection(SolutionConfigurationPlatforms) = preSolution
		Debug|Any CPU = Debug|Any CPU
		Release|Any CPU = Release|Any CPU
	EndGlobalSection
	GlobalSection(ProjectConfigurationPlatforms) = postSolution
		{4B7BFC33-6EF4-47AE-A5CC-45C55A5049E4}.Debug|Any CPU.ActiveCfg = Debug|Any CPU
		{4B7BFC33-6EF4-47AE-A5CC-45C55A5049E4}.Debug|Any CPU.Build.0 = Debug|Any CPU
		{4B7BFC33-6EF4-47AE-A5CC-45C55A5049E4}.Release|Any CPU.ActiveCfg = Release|Any CPU
		{4B7BFC33-6EF4-47AE-A5CC-45C55A5049E4}.Release|Any CPU.Build.0 = Release|Any CPU
	EndGlobalSection
	GlobalSection(SolutionProperties) = preSolution
		HideSolutionNode = FALSE
	EndGlobalSection
	GlobalSection(ExtensibilityGlobals) = postSolution
		SolutionGuid = {115EB3E9-9D68-4644-946E-3D3CF4C078FA}
	EndGlobalSection
EndGlobal
